{
  "version": "4",
  "specifiers": {
    "npm:@langchain/community@*": "0.3.41_@browserbasehq+stagehand@1.14.0__@playwright+test@1.52.0__deepmerge@4.3.1__dotenv@16.5.0__openai@4.96.0___zod@3.24.3___ws@8.18.1__zod@3.24.3__ws@8.18.1_@ibm-cloud+watsonx-ai@1.6.4__@langchain+core@0.3.47___openai@4.96.0____zod@3.24.3____ws@8.18.1___zod@3.24.3__openai@4.96.0___zod@3.24.3___ws@8.18.1_@langchain+core@0.3.47__openai@4.96.0___zod@3.24.3___ws@8.18.1__zod@3.24.3_cheerio@1.0.0_ibm-cloud-sdk-core@5.3.2__axios@1.8.4_openai@4.96.0__zod@3.24.3__ws@8.18.1_zod@3.24.3_@langchain+ollama@0.2.0__@langchain+core@0.3.47___zod@3.24.3__zod@3.24.3",
    "npm:@langchain/core@*": "0.3.47_zod@3.24.3",
    "npm:@langchain/core@~0.3.48": "0.3.48_zod@3.24.3",
    "npm:@langchain/langgraph@*": "0.2.66_@langchain+core@0.3.47__zod@3.24.3",
    "npm:@langchain/langgraph@~0.2.66": "0.2.66_@langchain+core@0.3.47__zod@3.24.3",
    "npm:@langchain/ollama@*": "0.2.0_@langchain+core@0.3.47__zod@3.24.3_zod@3.24.3",
    "npm:@langchain/ollama@0.2": "0.2.0_@langchain+core@0.3.47__zod@3.24.3_zod@3.24.3",
    "npm:@langchain/textsplitters@*": "0.1.0_@langchain+core@0.3.47__zod@3.24.3",
    "npm:cheerio@1": "1.0.0",
    "npm:langchain@*": "0.3.24_@langchain+core@0.3.47__zod@3.24.3_@langchain+ollama@0.2.0__@langchain+core@0.3.47___zod@3.24.3__zod@3.24.3_cheerio@1.0.0_zod@3.24.3",
    "npm:zod@*": "3.24.3"
  },
  "npm": {
    "@anthropic-ai/sdk@0.27.3": {
      "integrity": "sha512-IjLt0gd3L4jlOfilxVXTifn42FnVffMgDC04RJK1KDZpmkBWLv0XC92MVVmkxrFZNS/7l3xWgP/I3nqtX1sQHw==",
      "dependencies": [
        "@types/node-fetch",
        "@types/node@18.19.86",
        "abort-controller",
        "agentkeepalive",
        "form-data-encoder",
        "formdata-node",
        "node-fetch"
      ]
    },
    "@browserbasehq/sdk@2.5.0": {
      "integrity": "sha512-bcnbYZvm5Ht1nrHUfWDK4crspiTy1ESJYMApsMiOTUnlKOan0ocRD6m7hZH34iSC2c2XWsoryR80cwsYgCBWzQ==",
      "dependencies": [
        "@types/node-fetch",
        "@types/node@18.19.86",
        "abort-controller",
        "agentkeepalive",
        "form-data-encoder",
        "formdata-node",
        "node-fetch"
      ]
    },
    "@browserbasehq/stagehand@1.14.0_@playwright+test@1.52.0_deepmerge@4.3.1_dotenv@16.5.0_openai@4.96.0__zod@3.24.3__ws@8.18.1_zod@3.24.3_ws@8.18.1": {
      "integrity": "sha512-Hi/EzgMFWz+FKyepxHTrqfTPjpsuBS4zRy3e9sbMpBgLPv+9c0R+YZEvS7Bw4mTS66QtvvURRT6zgDGFotthVQ==",
      "dependencies": [
        "@anthropic-ai/sdk",
        "@browserbasehq/sdk",
        "@playwright/test",
        "deepmerge",
        "dotenv",
        "openai@4.96.0_ws@8.18.1_zod@3.24.3",
        "ws",
        "zod",
        "zod-to-json-schema"
      ]
    },
    "@cfworker/json-schema@4.1.1": {
      "integrity": "sha512-gAmrUZSGtKc3AiBL71iNWxDsyUC5uMaKKGdvzYsBoTW/xi42JQHl7eKV2OYzCUqvc+D2RCcf7EXY2iCyFIk6og=="
    },
    "@ibm-cloud/watsonx-ai@1.6.4_@langchain+core@0.3.47__openai@4.96.0___zod@3.24.3___ws@8.18.1__zod@3.24.3_openai@4.96.0__zod@3.24.3__ws@8.18.1": {
      "integrity": "sha512-u0fmXagywjLAd3apZTV6kRQAHjWl3bNKv5422mQJsM/MZB5YPjx28tjEbpoORh15RuWjYyO/wHZACRWBBkNhbQ==",
      "dependencies": [
        "@langchain/textsplitters@0.1.0_@langchain+core@0.3.47__openai@4.96.0___zod@3.24.3___ws@8.18.1__zod@3.24.3_openai@4.96.0__zod@3.24.3__ws@8.18.1",
        "@types/node@18.19.86",
        "extend",
        "ibm-cloud-sdk-core"
      ]
    },
    "@langchain/community@0.3.41_@browserbasehq+stagehand@1.14.0__@playwright+test@1.52.0__deepmerge@4.3.1__dotenv@16.5.0__openai@4.96.0___zod@3.24.3___ws@8.18.1__zod@3.24.3__ws@8.18.1_@ibm-cloud+watsonx-ai@1.6.4__@langchain+core@0.3.47___openai@4.96.0____zod@3.24.3____ws@8.18.1___zod@3.24.3__openai@4.96.0___zod@3.24.3___ws@8.18.1_@langchain+core@0.3.47__openai@4.96.0___zod@3.24.3___ws@8.18.1__zod@3.24.3_cheerio@1.0.0_ibm-cloud-sdk-core@5.3.2__axios@1.8.4_openai@4.96.0__zod@3.24.3__ws@8.18.1_zod@3.24.3_@langchain+ollama@0.2.0__@langchain+core@0.3.47___zod@3.24.3__zod@3.24.3": {
      "integrity": "sha512-i/DQ4bkKW+0W+zFy8ZrH7gRiag3KZuZU15pFXYom7wdZ8zcHJZZh2wi43hiBEWt8asx8Osyx4EhYO5SNp9ewkg==",
      "dependencies": [
        "@browserbasehq/stagehand",
        "@ibm-cloud/watsonx-ai",
        "@langchain/core@0.3.47_openai@4.96.0__zod@3.24.3__ws@8.18.1_zod@3.24.3",
        "@langchain/openai@0.5.6_@langchain+core@0.3.47__openai@4.96.0___zod@3.24.3___ws@8.18.1__zod@3.24.3_zod@3.24.3_openai@4.96.0__ws@8.18.1__zod@3.24.3",
        "binary-extensions",
        "cheerio",
        "expr-eval",
        "flat",
        "ibm-cloud-sdk-core",
        "js-yaml",
        "langchain@0.3.24_@langchain+core@0.3.47__openai@4.96.0___zod@3.24.3___ws@8.18.1__zod@3.24.3_@langchain+ollama@0.2.0__@langchain+core@0.3.47___zod@3.24.3__zod@3.24.3_cheerio@1.0.0_openai@4.96.0__zod@3.24.3__ws@8.18.1_zod@3.24.3",
        "langsmith@0.3.20_openai@4.96.0__zod@3.24.3__ws@8.18.1_zod@3.24.3",
        "openai@4.96.0_zod@3.24.3_ws@8.18.1",
        "uuid@10.0.0",
        "zod",
        "zod-to-json-schema"
      ]
    },
    "@langchain/core@0.3.47_openai@4.96.0__ws@8.18.1__zod@3.24.3_zod@3.24.3": {
      "integrity": "sha512-G1xk3HnimnbCkrxbhRmdk0swx0fYEuTgBoZsYCpHontLB0NfefomK7YUzC/nSAruGehlpVrl6Ik3guvfYG5OYA==",
      "dependencies": [
        "@cfworker/json-schema",
        "ansi-styles@5.2.0",
        "camelcase",
        "decamelize",
        "js-tiktoken",
        "langsmith@0.3.20_openai@4.96.0__ws@8.18.1__zod@3.24.3_zod@3.24.3",
        "mustache",
        "p-queue",
        "p-retry",
        "uuid@10.0.0",
        "zod",
        "zod-to-json-schema"
      ]
    },
    "@langchain/core@0.3.47_openai@4.96.0__zod@3.24.3__ws@8.18.1_zod@3.24.3": {
      "integrity": "sha512-G1xk3HnimnbCkrxbhRmdk0swx0fYEuTgBoZsYCpHontLB0NfefomK7YUzC/nSAruGehlpVrl6Ik3guvfYG5OYA==",
      "dependencies": [
        "@cfworker/json-schema",
        "ansi-styles@5.2.0",
        "camelcase",
        "decamelize",
        "js-tiktoken",
        "langsmith@0.3.20_openai@4.96.0__zod@3.24.3__ws@8.18.1_zod@3.24.3",
        "mustache",
        "p-queue",
        "p-retry",
        "uuid@10.0.0",
        "zod",
        "zod-to-json-schema"
      ]
    },
    "@langchain/core@0.3.47_zod@3.24.3": {
      "integrity": "sha512-G1xk3HnimnbCkrxbhRmdk0swx0fYEuTgBoZsYCpHontLB0NfefomK7YUzC/nSAruGehlpVrl6Ik3guvfYG5OYA==",
      "dependencies": [
        "@cfworker/json-schema",
        "ansi-styles@5.2.0",
        "camelcase",
        "decamelize",
        "js-tiktoken",
        "langsmith@0.3.20_openai@4.96.0__zod@3.24.3__ws@8.18.1_zod@3.24.3",
        "mustache",
        "p-queue",
        "p-retry",
        "uuid@10.0.0",
        "zod",
        "zod-to-json-schema"
      ]
    },
    "@langchain/core@0.3.48_zod@3.24.3": {
      "integrity": "sha512-R/G/ax4O3UrDV0JIkz6jiQSLBB68r9FswpHDgN6OPxU0R3YgAVnaiYuiNgUwHymmuUOJ6rZbndsnec73DE0iTw==",
      "dependencies": [
        "@cfworker/json-schema",
        "ansi-styles@5.2.0",
        "camelcase",
        "decamelize",
        "js-tiktoken",
        "langsmith@0.3.20_openai@4.96.0__zod@3.24.3__ws@8.18.1_zod@3.24.3",
        "mustache",
        "p-queue",
        "p-retry",
        "uuid@10.0.0",
        "zod",
        "zod-to-json-schema"
      ]
    },
    "@langchain/langgraph-checkpoint@0.0.17_@langchain+core@0.3.47__zod@3.24.3": {
      "integrity": "sha512-6b3CuVVYx+7x0uWLG+7YXz9j2iBa+tn2AXvkLxzEvaAsLE6Sij++8PPbS2BZzC+S/FPJdWsz6I5bsrqL0BYrCA==",
      "dependencies": [
        "@langchain/core@0.3.47_zod@3.24.3",
        "uuid@10.0.0"
      ]
    },
    "@langchain/langgraph-sdk@0.0.70_@langchain+core@0.3.47__zod@3.24.3": {
      "integrity": "sha512-O8I12bfeMVz5fOrXnIcK4IdRf50IqyJTO458V56wAIHLNoi4H8/JHM+2M+Y4H2PtslXIGnvomWqlBd0eY5z/Og==",
      "dependencies": [
        "@langchain/core@0.3.47_zod@3.24.3",
        "@types/json-schema",
        "p-queue",
        "p-retry",
        "uuid@9.0.1"
      ]
    },
    "@langchain/langgraph@0.2.66_@langchain+core@0.3.47__zod@3.24.3": {
      "integrity": "sha512-TZIzR04pFbwuRBKZj3qMb2ArNhFYQf9UT9s+j0v3XR2/+8yYLiqEvljInSTI9+r0LPMQY8AaRrZNas0eZhtv5g==",
      "dependencies": [
        "@langchain/core@0.3.47_zod@3.24.3",
        "@langchain/langgraph-checkpoint",
        "@langchain/langgraph-sdk",
        "uuid@10.0.0",
        "zod"
      ]
    },
    "@langchain/ollama@0.2.0_@langchain+core@0.3.47__zod@3.24.3_zod@3.24.3": {
      "integrity": "sha512-jLlYFqt+nbhaJKLakk7lRTWHZJ7wHeJLM6yuv4jToQ8zPzpL//372+MjggDoW0mnw8ofysg1T2C6mEJspKJtiA==",
      "dependencies": [
        "@langchain/core@0.3.47_openai@4.96.0__zod@3.24.3__ws@8.18.1_zod@3.24.3",
        "ollama",
        "uuid@10.0.0",
        "zod",
        "zod-to-json-schema"
      ]
    },
    "@langchain/ollama@0.2.0_@langchain+core@0.3.47__zod@3.24.3_zod@3.24.3_openai@4.96.0__zod@3.24.3__ws@8.18.1": {
      "integrity": "sha512-jLlYFqt+nbhaJKLakk7lRTWHZJ7wHeJLM6yuv4jToQ8zPzpL//372+MjggDoW0mnw8ofysg1T2C6mEJspKJtiA==",
      "dependencies": [
        "@langchain/core@0.3.47_openai@4.96.0__zod@3.24.3__ws@8.18.1_zod@3.24.3",
        "ollama",
        "uuid@10.0.0",
        "zod",
        "zod-to-json-schema"
      ]
    },
    "@langchain/openai@0.5.6_@langchain+core@0.3.47__openai@4.96.0___zod@3.24.3___ws@8.18.1__zod@3.24.3_zod@3.24.3_openai@4.96.0__ws@8.18.1__zod@3.24.3": {
      "integrity": "sha512-zN0iyJthPNmcefIBVybZwcTBgcqu/ElJFov42ZntxEncK4heOMAE9lkq9LQ5CaPU/SgrduibrM1oL57+tLUtaA==",
      "dependencies": [
        "@langchain/core@0.3.47_openai@4.96.0__ws@8.18.1__zod@3.24.3_zod@3.24.3",
        "js-tiktoken",
        "openai@4.96.0_ws@8.18.1_zod@3.24.3",
        "zod",
        "zod-to-json-schema"
      ]
    },
    "@langchain/openai@0.5.6_@langchain+core@0.3.47__zod@3.24.3_zod@3.24.3_openai@4.96.0__ws@8.18.1__zod@3.24.3": {
      "integrity": "sha512-zN0iyJthPNmcefIBVybZwcTBgcqu/ElJFov42ZntxEncK4heOMAE9lkq9LQ5CaPU/SgrduibrM1oL57+tLUtaA==",
      "dependencies": [
        "@langchain/core@0.3.47_openai@4.96.0__ws@8.18.1__zod@3.24.3_zod@3.24.3",
        "js-tiktoken",
        "openai@4.96.0_ws@8.18.1_zod@3.24.3",
        "zod",
        "zod-to-json-schema"
      ]
    },
    "@langchain/textsplitters@0.1.0_@langchain+core@0.3.47__openai@4.96.0___zod@3.24.3___ws@8.18.1__zod@3.24.3_openai@4.96.0__zod@3.24.3__ws@8.18.1": {
      "integrity": "sha512-djI4uw9rlkAb5iMhtLED+xJebDdAG935AdP4eRTB02R7OB/act55Bj9wsskhZsvuyQRpO4O1wQOp85s6T6GWmw==",
      "dependencies": [
        "@langchain/core@0.3.47_openai@4.96.0__zod@3.24.3__ws@8.18.1_zod@3.24.3",
        "js-tiktoken"
      ]
    },
    "@langchain/textsplitters@0.1.0_@langchain+core@0.3.47__zod@3.24.3": {
      "integrity": "sha512-djI4uw9rlkAb5iMhtLED+xJebDdAG935AdP4eRTB02R7OB/act55Bj9wsskhZsvuyQRpO4O1wQOp85s6T6GWmw==",
      "dependencies": [
        "@langchain/core@0.3.47_zod@3.24.3",
        "js-tiktoken"
      ]
    },
    "@playwright/test@1.52.0": {
      "integrity": "sha512-uh6W7sb55hl7D6vsAeA+V2p5JnlAqzhqFyF0VcJkKZXkgnFcVG9PziERRHQfPLfNGx1C292a4JqbWzhR8L4R1g==",
      "dependencies": [
        "playwright"
      ]
    },
    "@tokenizer/token@0.3.0": {
      "integrity": "sha512-OvjF+z51L3ov0OyAU0duzsYuvO01PH7x4t6DJx+guahgTnBHkhJdG7soQeTSFLWN3efnHyibZ4Z8l2EuWwJN3A=="
    },
    "@types/debug@4.1.12": {
      "integrity": "sha512-vIChWdVG3LG1SMxEvI/AK+FWJthlrqlTu7fbrlywTkkaONwk/UAGaULXRlf8vkzFBLVm0zkMdCquhL5aOjhXPQ==",
      "dependencies": [
        "@types/ms"
      ]
    },
    "@types/json-schema@7.0.15": {
      "integrity": "sha512-5+fP8P8MFNC+AyZCDxrB2pkZFPGzqQWUzpSeuuVLvm8VMcorNYavBqoFcxK8bQz4Qsbn4oUEEem4wDLfcysGHA=="
    },
    "@types/ms@2.1.0": {
      "integrity": "sha512-GsCCIZDE/p3i96vtEqx+7dBUGXrc7zeSK3wwPHIaRThS+9OhWIXRqzs4d6k1SVU8g91DrNRWxWUGhp5KXQb2VA=="
    },
    "@types/node-fetch@2.6.12": {
      "integrity": "sha512-8nneRWKCg3rMtF69nLQJnOYUcbafYeFSjqkw3jCRLsqkWFlHaoQrr5mXmofFGOx3DKn7UfmBMyov8ySvLRVldA==",
      "dependencies": [
        "@types/node@22.12.0",
        "form-data"
      ]
    },
    "@types/node@18.19.86": {
      "integrity": "sha512-fifKayi175wLyKyc5qUfyENhQ1dCNI1UNjp653d8kuYcPQN5JhX3dGuP/XmvPTg/xRBn1VTLpbmi+H/Mr7tLfQ==",
      "dependencies": [
        "undici-types@5.26.5"
      ]
    },
    "@types/node@22.12.0": {
      "integrity": "sha512-Fll2FZ1riMjNmlmJOdAyY5pUbkftXslB5DgEzlIuNaiWhXd00FhWxVC/r4yV/4wBb9JfImTu+jiSvXTkJ7F/gA==",
      "dependencies": [
        "undici-types@6.20.0"
      ]
    },
    "@types/retry@0.12.0": {
      "integrity": "sha512-wWKOClTTiizcZhXnPY4wikVAwmdYHp8q6DmC+EJUzAMsycb7HB32Kh9RN4+0gExjmPmZSAQjgURXIGATPegAvA=="
    },
    "@types/tough-cookie@4.0.5": {
      "integrity": "sha512-/Ad8+nIOV7Rl++6f1BdKxFSMgmoqEoYbHRpPcx3JEfv8VRsQe9Z4mCXeJBzxs7mbHY/XOZZuXlRNfhpVPbs6ZA=="
    },
    "@types/uuid@10.0.0": {
      "integrity": "sha512-7gqG38EyHgyP1S+7+xomFtL+ZNHcKv6DwNaCZmJmo1vgMugyF3TCnXVg4t1uk89mLNwnLtnY3TpOpCOyp1/xHQ=="
    },
    "abort-controller@3.0.0": {
      "integrity": "sha512-h8lQ8tacZYnR3vNQTgibj+tODHI5/+l06Au2Pcriv/Gmet0eaj4TwWH41sO9wnHDiQsEj19q0drzdWdeAHtweg==",
      "dependencies": [
        "event-target-shim"
      ]
    },
    "agentkeepalive@4.6.0": {
      "integrity": "sha512-kja8j7PjmncONqaTsB8fQ+wE2mSU2DJ9D4XKoJ5PFWIdRMa6SLSN1ff4mOr4jCbfRSsxR4keIiySJU0N9T5hIQ==",
      "dependencies": [
        "humanize-ms"
      ]
    },
    "ansi-styles@4.3.0": {
      "integrity": "sha512-zbB9rCJAT1rbjiVDb2hqKFHNYLxgtk8NURxZ3IZwD3F6NtxbXZQCnnSi1Lkx+IDohdPlFp222wVALIheZJQSEg==",
      "dependencies": [
        "color-convert"
      ]
    },
    "ansi-styles@5.2.0": {
      "integrity": "sha512-Cxwpt2SfTzTtXcfOlzGEee8O+c+MmUgGrNiBcXnuWxuFJHe6a5Hz7qwhwe5OgaSYI0IJvkLqWX1ASG+cJOkEiA=="
    },
    "argparse@2.0.1": {
      "integrity": "sha512-8+9WqebbFzpX9OR+Wa6O29asIogeRMzcGtAINdpMHHyAg10f05aSFVBbcEqGf/PXw1EjAZ+q2/bEBg3DvurK3Q=="
    },
    "asynckit@0.4.0": {
      "integrity": "sha512-Oei9OH4tRh0YqU3GxhX79dM/mwVgvbZJaSNaRk+bshkj0S5cfHcgYakreBjrHwatXKbz+IoIdYLxrKim2MjW0Q=="
    },
    "axios@1.8.4": {
      "integrity": "sha512-eBSYY4Y68NNlHbHBMdeDmKNtDgXWhQsJcGqzO3iLUM0GraQFSS9cVgPX5I9b3lbdFKyYoAEGAZF1DwhTaljNAw==",
      "dependencies": [
        "follow-redirects",
        "form-data",
        "proxy-from-env"
      ]
    },
    "base64-js@1.5.1": {
      "integrity": "sha512-AKpaYlHn8t4SVbOHCy+b5+KKgvR4vrsD8vbvrbiQJps7fKDTkjkDry6ji0rUJjC0kzbNePLwzxq8iypo41qeWA=="
    },
    "binary-extensions@2.3.0": {
      "integrity": "sha512-Ceh+7ox5qe7LJuLHoY0feh3pHuUDHAcRUeyL2VYghZwfpkNIy/+8Ocg0a3UuSoYzavmylwuLWQOf3hl0jjMMIw=="
    },
    "boolbase@1.0.0": {
      "integrity": "sha512-JZOSA7Mo9sNGB8+UjSgzdLtokWAky1zbztM3WRLCbZ70/3cTANmQmOdR7y2g+J0e2WXywy1yS468tY+IruqEww=="
    },
    "buffer-equal-constant-time@1.0.1": {
      "integrity": "sha512-zRpUiDwd/xk6ADqPMATG8vc9VPrkck7T07OIx0gnjmJAnHnTVXNQG3vfvWNuiZIkwu9KrKdA1iJKfsfTVxE6NA=="
    },
    "buffer@6.0.3": {
      "integrity": "sha512-FTiCpNxtwiZZHEZbcbTIcZjERVICn9yq/pDFkTl95/AxzD1naBctN7YO68riM/gLSDY7sdrMby8hofADYuuqOA==",
      "dependencies": [
        "base64-js",
        "ieee754"
      ]
    },
    "camelcase@6.3.0": {
      "integrity": "sha512-Gmy6FhYlCY7uOElZUSbxo2UCDH8owEk996gkbrpsgGtrJLM3J7jGxl9Ic7Qwwj4ivOE5AWZWRMecDdF7hqGjFA=="
    },
    "chalk@4.1.2": {
      "integrity": "sha512-oKnbhFyRIXpUuez8iBMmyEa4nbj4IOQyuhc/wy9kY7/WVPcwIO9VA668Pu8RkO7+0G76SLROeyw9CpQ061i4mA==",
      "dependencies": [
        "ansi-styles@4.3.0",
        "supports-color"
      ]
    },
    "cheerio-select@2.1.0": {
      "integrity": "sha512-9v9kG0LvzrlcungtnJtpGNxY+fzECQKhK4EGJX2vByejiMX84MFNQw4UxPJl3bFbTMw+Dfs37XaIkCwTZfLh4g==",
      "dependencies": [
        "boolbase",
        "css-select",
        "css-what",
        "domelementtype",
        "domhandler",
        "domutils"
      ]
    },
    "cheerio@1.0.0": {
      "integrity": "sha512-quS9HgjQpdaXOvsZz82Oz7uxtXiy6UIsIQcpBj7HRw2M63Skasm9qlDocAM7jNuaxdhpPU7c4kJN+gA5MCu4ww==",
      "dependencies": [
        "cheerio-select",
        "dom-serializer",
        "domhandler",
        "domutils",
        "encoding-sniffer",
        "htmlparser2",
        "parse5",
        "parse5-htmlparser2-tree-adapter",
        "parse5-parser-stream",
        "undici",
        "whatwg-mimetype"
      ]
    },
    "color-convert@2.0.1": {
      "integrity": "sha512-RRECPsj7iu/xb5oKYcsFHSppFNnsj/52OVTRKb4zP5onXwVF3zVmmToNcOfGC+CRDpfK/U584fMg38ZHCaElKQ==",
      "dependencies": [
        "color-name"
      ]
    },
    "color-name@1.1.4": {
      "integrity": "sha512-dOy+3AuW3a2wNbZHIuMZpTcgjGuLU/uBL/ubcZF9OXbDo8ff4O8yVp5Bf0efS8uEoYo5q4Fx7dY9OgQGXgAsQA=="
    },
    "combined-stream@1.0.8": {
      "integrity": "sha512-FQN4MRfuJeHf7cBbBMJFXhKSDq+2kAArBlmRBvcvFE5BB1HZKXtSFASDhdlz9zOYwxh8lDdnvmMOe/+5cdoEdg==",
      "dependencies": [
        "delayed-stream"
      ]
    },
    "console-table-printer@2.12.1": {
      "integrity": "sha512-wKGOQRRvdnd89pCeH96e2Fn4wkbenSP6LMHfjfyNLMbGuHEFbMqQNuxXqd0oXG9caIOQ1FTvc5Uijp9/4jujnQ==",
      "dependencies": [
        "simple-wcswidth"
      ]
    },
    "css-select@5.1.0": {
      "integrity": "sha512-nwoRF1rvRRnnCqqY7updORDsuqKzqYJ28+oSMaJMMgOauh3fvwHqMS7EZpIPqK8GL+g9mKxF1vP/ZjSeNjEVHg==",
      "dependencies": [
        "boolbase",
        "css-what",
        "domhandler",
        "domutils",
        "nth-check"
      ]
    },
    "css-what@6.1.0": {
      "integrity": "sha512-HTUrgRJ7r4dsZKU6GjmpfRK1O76h97Z8MfS1G0FozR+oF2kG6Vfe8JE6zwrkbxigziPHinCJ+gCPjA9EaBDtRw=="
    },
    "debug@4.4.0": {
      "integrity": "sha512-6WTZ/IxCY/T6BALoZHaE4ctp9xm+Z5kY/pzYaCHRFeyVhojxlrm+46y68HA6hr0TcwEssoxNiDEUJQjfPZ/RYA==",
      "dependencies": [
        "ms"
      ]
    },
    "decamelize@1.2.0": {
      "integrity": "sha512-z2S+W9X73hAUUki+N+9Za2lBlun89zigOyGrsax+KUQ6wKW4ZoWpEYBkGhQjwAjjDCkWxhY0VKEhk8wzY7F5cA=="
    },
    "deepmerge@4.3.1": {
      "integrity": "sha512-3sUqbMEc77XqpdNO7FRyRog+eW3ph+GYCbj+rK+uYyRMuwsVy0rMiVtPn+QJlKFvWP/1PYpapqYn0Me2knFn+A=="
    },
    "delayed-stream@1.0.0": {
      "integrity": "sha512-ZySD7Nf91aLB0RxL4KGrKHBXl7Eds1DAmEdcoVawXnLD7SDhpNgtuII2aAkg7a7QS41jxPSZ17p4VdGnMHk3MQ=="
    },
    "dom-serializer@2.0.0": {
      "integrity": "sha512-wIkAryiqt/nV5EQKqQpo3SToSOV9J0DnbJqwK7Wv/Trc92zIAYZ4FlMu+JPFW1DfGFt81ZTCGgDEabffXeLyJg==",
      "dependencies": [
        "domelementtype",
        "domhandler",
        "entities@4.5.0"
      ]
    },
    "domelementtype@2.3.0": {
      "integrity": "sha512-OLETBj6w0OsagBwdXnPdN0cnMfF9opN69co+7ZrbfPGrdpPVNBUj02spi6B1N7wChLQiPn4CSH/zJvXw56gmHw=="
    },
    "domhandler@5.0.3": {
      "integrity": "sha512-cgwlv/1iFQiFnU96XXgROh8xTeetsnJiDsTc7TYCLFd9+/WNkIqPTxiM/8pSd8VIrhXGTf1Ny1q1hquVqDJB5w==",
      "dependencies": [
        "domelementtype"
      ]
    },
    "domutils@3.2.2": {
      "integrity": "sha512-6kZKyUajlDuqlHKVX1w7gyslj9MPIXzIFiz/rGu35uC1wMi+kMhQwGhl4lt9unC9Vb9INnY9Z3/ZA3+FhASLaw==",
      "dependencies": [
        "dom-serializer",
        "domelementtype",
        "domhandler"
      ]
    },
    "dotenv@16.5.0": {
      "integrity": "sha512-m/C+AwOAr9/W1UOIZUo232ejMNnJAJtYQjUbHoNTBNTJSvqzzDh7vnrei3o3r3m9blf6ZoDkvcw0VmozNRFJxg=="
    },
    "ecdsa-sig-formatter@1.0.11": {
      "integrity": "sha512-nagl3RYrbNv6kQkeJIpt6NJZy8twLB/2vtz6yN9Z4vRKHN4/QZJIEbqohALSgwKdnksuY3k5Addp5lg8sVoVcQ==",
      "dependencies": [
        "safe-buffer"
      ]
    },
    "encoding-sniffer@0.2.0": {
      "integrity": "sha512-ju7Wq1kg04I3HtiYIOrUrdfdDvkyO9s5XM8QAj/bN61Yo/Vb4vgJxy5vi4Yxk01gWHbrofpPtpxM8bKger9jhg==",
      "dependencies": [
        "iconv-lite",
        "whatwg-encoding"
      ]
    },
    "entities@4.5.0": {
      "integrity": "sha512-V0hjH4dGPh9Ao5p0MoRY6BVqtwCjhz6vI5LT8AJ55H+4g9/4vbHx1I54fS0XuclLhDHArPQCiMjDxjaL8fPxhw=="
    },
    "entities@6.0.0": {
      "integrity": "sha512-aKstq2TDOndCn4diEyp9Uq/Flu2i1GlLkc6XIDQSDMuaFE3OPW5OphLCyQ5SpSJZTb4reN+kTcYru5yIfXoRPw=="
    },
    "event-target-shim@5.0.1": {
      "integrity": "sha512-i/2XbnSz/uxRCU6+NdVJgKWDTM427+MqYbkQzD321DuCQJUqOuJKIA0IM2+W2xtYHdKOmZ4dR6fExsd4SXL+WQ=="
    },
    "eventemitter3@4.0.7": {
      "integrity": "sha512-8guHBZCwKnFhYdHr2ysuRWErTwhoN2X8XELRlrRwpmfeY2jjuUN4taQMsULKUVo1K4DvZl+0pgfyoysHxvmvEw=="
    },
    "events@3.3.0": {
      "integrity": "sha512-mQw+2fkQbALzQ7V0MY0IqdnXNOeTtP4r0lN9z7AAawCXgqea7bDii20AYrIBrFd/Hx0M2Ocz6S111CaFkUcb0Q=="
    },
    "expr-eval@2.0.2": {
      "integrity": "sha512-4EMSHGOPSwAfBiibw3ndnP0AvjDWLsMvGOvWEZ2F96IGk0bIVdjQisOHxReSkE13mHcfbuCiXw+G4y0zv6N8Eg=="
    },
    "extend@3.0.2": {
      "integrity": "sha512-fjquC59cD7CyW6urNXK0FBufkZcoiGG80wTuPujX590cB5Ttln20E2UB4S/WARVqhXffZl2LNgS+gQdPIIim/g=="
    },
    "file-type@16.5.4": {
      "integrity": "sha512-/yFHK0aGjFEgDJjEKP0pWCplsPFPhwyfwevf/pVxiN0tmE4L9LmwWxWukdJSHdoCli4VgQLehjJtwQBnqmsKcw==",
      "dependencies": [
        "readable-web-to-node-stream",
        "strtok3",
        "token-types"
      ]
    },
    "flat@5.0.2": {
      "integrity": "sha512-b6suED+5/3rTpUBdG1gupIl8MPFCAMA0QXwmljLhvCUKcUvdE4gWky9zpuGCcXHOsz4J9wPGNWq6OKpmIzz3hQ=="
    },
    "follow-redirects@1.15.9": {
      "integrity": "sha512-gew4GsXizNgdoRyqmyfMHyAmXsZDk6mHkSxZFCzW9gwlbtOW44CDtYavM+y+72qD/Vq2l550kMF52DT8fOLJqQ=="
    },
    "form-data-encoder@1.7.2": {
      "integrity": "sha512-qfqtYan3rxrnCk1VYaA4H+Ms9xdpPqvLZa6xmMgFvhO32x7/3J/ExcTd6qpxM0vH2GdMI+poehyBZvqfMTto8A=="
    },
    "form-data@4.0.0": {
      "integrity": "sha512-ETEklSGi5t0QMZuiXoA/Q6vcnxcLQP5vdugSpuAyi6SVGi2clPPp+xgEhuMaHC+zGgn31Kd235W35f7Hykkaww==",
      "dependencies": [
        "asynckit",
        "combined-stream",
        "mime-types"
      ]
    },
    "formdata-node@4.4.1": {
      "integrity": "sha512-0iirZp3uVDjVGt9p49aTaqjk84TrglENEDuqfdlZQ1roC9CWlPk6Avf8EEnZNcAqPonwkG35x4n3ww/1THYAeQ==",
      "dependencies": [
        "node-domexception",
        "web-streams-polyfill"
      ]
    },
    "fsevents@2.3.2": {
      "integrity": "sha512-xiqMQR4xAeHTuB9uWm+fFRcIOgKBMiOBP+eXiyT7jsgVCq1bkVygt00oASowB7EdtpOHaaPgKt812P9ab+DDKA=="
    },
    "has-flag@4.0.0": {
      "integrity": "sha512-EykJT/Q1KjTWctppgIAgfSO0tKVuZUjhgMr17kqTumMl6Afv3EISleU7qZUzoXDFTAHTDC4NOoG/ZxU3EvlMPQ=="
    },
    "htmlparser2@9.1.0": {
      "integrity": "sha512-5zfg6mHUoaer/97TxnGpxmbR7zJtPwIYFMZ/H5ucTlPZhKvtum05yiPK3Mgai3a0DyVxv7qYqoweaEd2nrYQzQ==",
      "dependencies": [
        "domelementtype",
        "domhandler",
        "domutils",
        "entities@4.5.0"
      ]
    },
    "humanize-ms@1.2.1": {
      "integrity": "sha512-Fl70vYtsAFb/C06PTS9dZBo7ihau+Tu/DNCk/OyHhea07S+aeMWpFFkUaXRa8fI+ScZbEI8dfSxwY7gxZ9SAVQ==",
      "dependencies": [
        "ms"
      ]
    },
    "ibm-cloud-sdk-core@5.3.2_axios@1.8.4": {
      "integrity": "sha512-YhtS+7hGNO61h/4jNShHxbbuJ1TnDqiFKQzfEaqePnonOvv8NnxWxOk92FlKKCCzZNOT34Gnd7WCLVJTntwEFQ==",
      "dependencies": [
        "@types/debug",
        "@types/node@18.19.86",
        "@types/tough-cookie",
        "axios",
        "camelcase",
        "debug",
        "dotenv",
        "extend",
        "file-type",
        "form-data",
        "isstream",
        "jsonwebtoken",
        "mime-types",
        "retry-axios",
        "tough-cookie"
      ]
    },
    "iconv-lite@0.6.3": {
      "integrity": "sha512-4fCk79wshMdzMp2rH06qWrJE4iolqLhCUH+OiuIgU++RB0+94NlDL81atO7GX55uUKueo0txHNtvEyI6D7WdMw==",
      "dependencies": [
        "safer-buffer"
      ]
    },
    "ieee754@1.2.1": {
      "integrity": "sha512-dcyqhDvX1C46lXZcVqCpK+FtMRQVdIMN6/Df5js2zouUsqG7I6sFxitIC+7KYK29KdXOLHdu9zL4sFnoVQnqaA=="
    },
    "isstream@0.1.2": {
      "integrity": "sha512-Yljz7ffyPbrLpLngrMtZ7NduUgVvi6wG9RJ9IUcyCd59YQ911PBJphODUcbOVbqYfxe1wuYf/LJ8PauMRwsM/g=="
    },
    "js-tiktoken@1.0.20": {
      "integrity": "sha512-Xlaqhhs8VfCd6Sh7a1cFkZHQbYTLCwVJJWiHVxBYzLPxW0XsoxBy1hitmjkdIjD3Aon5BXLHFwU5O8WUx6HH+A==",
      "dependencies": [
        "base64-js"
      ]
    },
    "js-yaml@4.1.0": {
      "integrity": "sha512-wpxZs9NoxZaJESJGIZTyDEaYpl0FKSA+FB9aJiyemKhMwkxQg63h4T1KJgUGHpTqPDNRcmmYLugrRjJlBtWvRA==",
      "dependencies": [
        "argparse"
      ]
    },
    "jsonpointer@5.0.1": {
      "integrity": "sha512-p/nXbhSEcu3pZRdkW1OfJhpsVtW1gd4Wa1fnQc9YLiTfAjn0312eMKimbdIQzuZl9aa9xUGaRlP9T/CJE/ditQ=="
    },
    "jsonwebtoken@9.0.2": {
      "integrity": "sha512-PRp66vJ865SSqOlgqS8hujT5U4AOgMfhrwYIuIhfKaoSCZcirrmASQr8CX7cUg+RMih+hgznrjp99o+W4pJLHQ==",
      "dependencies": [
        "jws",
        "lodash.includes",
        "lodash.isboolean",
        "lodash.isinteger",
        "lodash.isnumber",
        "lodash.isplainobject",
        "lodash.isstring",
        "lodash.once",
        "ms",
        "semver"
      ]
    },
    "jwa@1.4.1": {
      "integrity": "sha512-qiLX/xhEEFKUAJ6FiBMbes3w9ATzyk5W7Hvzpa/SLYdxNtng+gcurvrI7TbACjIXlsJyr05/S1oUhZrc63evQA==",
      "dependencies": [
        "buffer-equal-constant-time",
        "ecdsa-sig-formatter",
        "safe-buffer"
      ]
    },
    "jws@3.2.2": {
      "integrity": "sha512-YHlZCB6lMTllWDtSPHz/ZXTsi8S00usEV6v1tjq8tOUZzw7DpSDWVXjXDre6ed1w/pd495ODpHZYSdkRTsa0HA==",
      "dependencies": [
        "jwa",
        "safe-buffer"
      ]
    },
    "langchain@0.3.24_@langchain+core@0.3.47__openai@4.96.0___zod@3.24.3___ws@8.18.1__zod@3.24.3_@langchain+ollama@0.2.0__@langchain+core@0.3.47___zod@3.24.3__zod@3.24.3_cheerio@1.0.0_openai@4.96.0__zod@3.24.3__ws@8.18.1_zod@3.24.3": {
      "integrity": "sha512-BTjiYkUCpWFAmufK8J5zMqc5aUs4eEnAXPWtPe2+R4ZPP+U7bXJSBHAcrB40rQ3VeTdRgMvgDjekOOgCMWut6Q==",
      "dependencies": [
        "@langchain/core@0.3.47_openai@4.96.0__zod@3.24.3__ws@8.18.1_zod@3.24.3",
        "@langchain/ollama@0.2.0_@langchain+core@0.3.47__zod@3.24.3_zod@3.24.3_openai@4.96.0__zod@3.24.3__ws@8.18.1",
        "@langchain/openai@0.5.6_@langchain+core@0.3.47__openai@4.96.0___zod@3.24.3___ws@8.18.1__zod@3.24.3_zod@3.24.3_openai@4.96.0__ws@8.18.1__zod@3.24.3",
        "@langchain/textsplitters@0.1.0_@langchain+core@0.3.47__openai@4.96.0___zod@3.24.3___ws@8.18.1__zod@3.24.3_openai@4.96.0__zod@3.24.3__ws@8.18.1",
        "cheerio",
        "js-tiktoken",
        "js-yaml",
        "jsonpointer",
        "langsmith@0.3.20_openai@4.96.0__zod@3.24.3__ws@8.18.1_zod@3.24.3",
        "openapi-types",
        "p-retry",
        "uuid@10.0.0",
        "yaml",
        "zod",
        "zod-to-json-schema"
      ]
    },
    "langchain@0.3.24_@langchain+core@0.3.47__zod@3.24.3_@langchain+ollama@0.2.0__@langchain+core@0.3.47___zod@3.24.3__zod@3.24.3_cheerio@1.0.0_zod@3.24.3": {
      "integrity": "sha512-BTjiYkUCpWFAmufK8J5zMqc5aUs4eEnAXPWtPe2+R4ZPP+U7bXJSBHAcrB40rQ3VeTdRgMvgDjekOOgCMWut6Q==",
      "dependencies": [
        "@langchain/core@0.3.47_zod@3.24.3",
        "@langchain/ollama@0.2.0_@langchain+core@0.3.47__zod@3.24.3_zod@3.24.3",
        "@langchain/openai@0.5.6_@langchain+core@0.3.47__zod@3.24.3_zod@3.24.3_openai@4.96.0__ws@8.18.1__zod@3.24.3",
        "@langchain/textsplitters@0.1.0_@langchain+core@0.3.47__zod@3.24.3",
        "cheerio",
        "js-tiktoken",
        "js-yaml",
        "jsonpointer",
        "langsmith@0.3.20_openai@4.96.0__zod@3.24.3__ws@8.18.1_zod@3.24.3",
        "openapi-types",
        "p-retry",
        "uuid@10.0.0",
        "yaml",
        "zod",
        "zod-to-json-schema"
      ]
    },
    "langsmith@0.3.20": {
      "integrity": "sha512-zwVQos6tjcksCTfdM67QKq7yyED4GmQiZw/sJ6UCMYZxlvTMMg3PeQ9tOePXAWNWoJygOnH+EwGXr7gYOOETDg==",
      "dependencies": [
        "@types/uuid",
        "chalk",
        "console-table-printer",
        "p-queue",
        "p-retry",
        "semver",
        "uuid@10.0.0"
      ]
    },
    "langsmith@0.3.20_openai@4.96.0__ws@8.18.1__zod@3.24.3_zod@3.24.3": {
      "integrity": "sha512-zwVQos6tjcksCTfdM67QKq7yyED4GmQiZw/sJ6UCMYZxlvTMMg3PeQ9tOePXAWNWoJygOnH+EwGXr7gYOOETDg==",
      "dependencies": [
        "@types/uuid",
        "chalk",
        "console-table-printer",
        "openai@4.96.0_ws@8.18.1_zod@3.24.3",
        "p-queue",
        "p-retry",
        "semver",
        "uuid@10.0.0"
      ]
    },
    "langsmith@0.3.20_openai@4.96.0__zod@3.24.3__ws@8.18.1_zod@3.24.3": {
      "integrity": "sha512-zwVQos6tjcksCTfdM67QKq7yyED4GmQiZw/sJ6UCMYZxlvTMMg3PeQ9tOePXAWNWoJygOnH+EwGXr7gYOOETDg==",
      "dependencies": [
        "@types/uuid",
        "chalk",
        "console-table-printer",
        "openai@4.96.0_zod@3.24.3_ws@8.18.1",
        "p-queue",
        "p-retry",
        "semver",
        "uuid@10.0.0"
      ]
    },
    "lodash.includes@4.3.0": {
      "integrity": "sha512-W3Bx6mdkRTGtlJISOvVD/lbqjTlPPUDTMnlXZFnVwi9NKJ6tiAk6LVdlhZMm17VZisqhKcgzpO5Wz91PCt5b0w=="
    },
    "lodash.isboolean@3.0.3": {
      "integrity": "sha512-Bz5mupy2SVbPHURB98VAcw+aHh4vRV5IPNhILUCsOzRmsTmSQ17jIuqopAentWoehktxGd9e/hbIXq980/1QJg=="
    },
    "lodash.isinteger@4.0.4": {
      "integrity": "sha512-DBwtEWN2caHQ9/imiNeEA5ys1JoRtRfY3d7V9wkqtbycnAmTvRRmbHKDV4a0EYc678/dia0jrte4tjYwVBaZUA=="
    },
    "lodash.isnumber@3.0.3": {
      "integrity": "sha512-QYqzpfwO3/CWf3XP+Z+tkQsfaLL/EnUlXWVkIk5FUPc4sBdTehEqZONuyRt2P67PXAk+NXmTBcc97zw9t1FQrw=="
    },
    "lodash.isplainobject@4.0.6": {
      "integrity": "sha512-oSXzaWypCMHkPC3NvBEaPHf0KsA5mvPrOPgQWDsbg8n7orZ290M0BmC/jgRZ4vcJ6DTAhjrsSYgdsW/F+MFOBA=="
    },
    "lodash.isstring@4.0.1": {
      "integrity": "sha512-0wJxfxH1wgO3GrbuP+dTTk7op+6L41QCXbGINEmD+ny/G/eCqGzxyCsh7159S+mgDDcoarnBw6PC1PS5+wUGgw=="
    },
    "lodash.once@4.1.1": {
      "integrity": "sha512-Sb487aTOCr9drQVL8pIxOzVhafOjZN9UU54hiN8PU3uAiSV7lx1yYNpbNmex2PK6dSJoNTSJUUswT651yww3Mg=="
    },
    "mime-db@1.52.0": {
      "integrity": "sha512-sPU4uV7dYlvtWJxwwxHD0PuihVNiE7TyAbQ5SWxDCB9mUYvOgroQOwYQQOKPJ8CIbE+1ETVlOoK1UC2nU3gYvg=="
    },
    "mime-types@2.1.35": {
      "integrity": "sha512-ZDY+bPm5zTTF+YpCrAU9nK0UgICYPT0QtT1NZWFv4s++TNkcgVaT0g6+4R2uI4MjQjzysHB1zxuWL50hzaeXiw==",
      "dependencies": [
        "mime-db"
      ]
    },
    "ms@2.1.3": {
      "integrity": "sha512-6FlzubTLZG3J2a/NVCAleEhjzq5oxgHyaCU9yYXvcLsvoVaHJq/s5xXI6/XXP6tz7R9xAOtHnSO/tXtF3WRTlA=="
    },
    "mustache@4.2.0": {
      "integrity": "sha512-71ippSywq5Yb7/tVYyGbkBggbU8H3u5Rz56fH60jGFgr8uHwxs+aSKeqmluIVzM0m0kB7xQjKS6qPfd0b2ZoqQ=="
    },
    "node-domexception@1.0.0": {
      "integrity": "sha512-/jKZoMpw0F8GRwl4/eLROPA3cfcXtLApP0QzLmUT/HuPCZWyB7IY9ZrMeKw2O/nFIqPQB3PVM9aYm0F312AXDQ=="
    },
    "node-fetch@2.7.0": {
      "integrity": "sha512-c4FRfUm/dbcWZ7U+1Wq0AwCyFL+3nt2bEw05wfxSz+DWpWsitgmSgYmy2dQdWyKC1694ELPqMs/YzUSNozLt8A==",
      "dependencies": [
        "whatwg-url"
      ]
    },
    "nth-check@2.1.1": {
      "integrity": "sha512-lqjrjmaOoAnWfMmBPL+XNnynZh2+swxiX3WUE0s4yEHI6m+AwrK2UZOimIRl3X/4QctVqS8AiZjFqyOGrMXb/w==",
      "dependencies": [
        "boolbase"
      ]
    },
    "ollama@0.5.15": {
      "integrity": "sha512-TSaZSJyP7MQJFjSmmNsoJiriwa3U+/UJRw6+M8aucs5dTsaWNZsBIGpDb5rXnW6nXxJBB/z79gZY8IaiIQgelQ==",
      "dependencies": [
        "whatwg-fetch"
      ]
    },
    "openai@4.96.0_ws@8.18.1_zod@3.24.3": {
      "integrity": "sha512-dKoW56i02Prv2XQolJ9Rl9Svqubqkzg3QpwEOBuSVZLk05Shelu7s+ErRTwFc1Bs3JZ2qBqBfVpXQiJhwOGG8A==",
      "dependencies": [
        "@types/node-fetch",
        "@types/node@18.19.86",
        "abort-controller",
        "agentkeepalive",
        "form-data-encoder",
        "formdata-node",
        "node-fetch",
        "ws",
        "zod"
      ]
    },
    "openai@4.96.0_zod@3.24.3_ws@8.18.1": {
      "integrity": "sha512-dKoW56i02Prv2XQolJ9Rl9Svqubqkzg3QpwEOBuSVZLk05Shelu7s+ErRTwFc1Bs3JZ2qBqBfVpXQiJhwOGG8A==",
      "dependencies": [
        "@types/node-fetch",
        "@types/node@18.19.86",
        "abort-controller",
        "agentkeepalive",
        "form-data-encoder",
        "formdata-node",
        "node-fetch",
        "ws",
        "zod"
      ]
    },
    "openapi-types@12.1.3": {
      "integrity": "sha512-N4YtSYJqghVu4iek2ZUvcN/0aqH1kRDuNqzcycDxhOUpg7GdvLa2F3DgS6yBNhInhv2r/6I0Flkn7CqL8+nIcw=="
    },
    "p-finally@1.0.0": {
      "integrity": "sha512-LICb2p9CB7FS+0eR1oqWnHhp0FljGLZCWBE9aix0Uye9W8LTQPwMTYVGWQWIw9RdQiDg4+epXQODwIYJtSJaow=="
    },
    "p-queue@6.6.2": {
      "integrity": "sha512-RwFpb72c/BhQLEXIZ5K2e+AhgNVmIejGlTgiB9MzZ0e93GRvqZ7uSi0dvRF7/XIXDeNkra2fNHBxTyPDGySpjQ==",
      "dependencies": [
        "eventemitter3",
        "p-timeout"
      ]
    },
    "p-retry@4.6.2": {
      "integrity": "sha512-312Id396EbJdvRONlngUx0NydfrIQ5lsYu0znKVUzVvArzEIt08V1qhtyESbGVd1FGX7UKtiFp5uwKZdM8wIuQ==",
      "dependencies": [
        "@types/retry",
        "retry"
      ]
    },
    "p-timeout@3.2.0": {
      "integrity": "sha512-rhIwUycgwwKcP9yTOOFK/AKsAopjjCakVqLHePO3CC6Mir1Z99xT+R63jZxAT5lFZLa2inS5h+ZS2GvR99/FBg==",
      "dependencies": [
        "p-finally"
      ]
    },
    "parse5-htmlparser2-tree-adapter@7.1.0": {
      "integrity": "sha512-ruw5xyKs6lrpo9x9rCZqZZnIUntICjQAd0Wsmp396Ul9lN/h+ifgVV1x1gZHi8euej6wTfpqX8j+BFQxF0NS/g==",
      "dependencies": [
        "domhandler",
        "parse5"
      ]
    },
    "parse5-parser-stream@7.1.2": {
      "integrity": "sha512-JyeQc9iwFLn5TbvvqACIF/VXG6abODeB3Fwmv/TGdLk2LfbWkaySGY72at4+Ty7EkPZj854u4CrICqNk2qIbow==",
      "dependencies": [
        "parse5"
      ]
    },
    "parse5@7.3.0": {
      "integrity": "sha512-IInvU7fabl34qmi9gY8XOVxhYyMyuH2xUNpb2q8/Y+7552KlejkRvqvD19nMoUW/uQGGbqNpA6Tufu5FL5BZgw==",
      "dependencies": [
        "entities@6.0.0"
      ]
    },
    "peek-readable@4.1.0": {
      "integrity": "sha512-ZI3LnwUv5nOGbQzD9c2iDG6toheuXSZP5esSHBjopsXH4dg19soufvpUGA3uohi5anFtGb2lhAVdHzH6R/Evvg=="
    },
    "playwright-core@1.52.0": {
      "integrity": "sha512-l2osTgLXSMeuLZOML9qYODUQoPPnUsKsb5/P6LJ2e6uPKXUdPK5WYhN4z03G+YNbWmGDY4YENauNu4ZKczreHg=="
    },
    "playwright@1.52.0": {
      "integrity": "sha512-JAwMNMBlxJ2oD1kce4KPtMkDeKGHQstdpFPcPH3maElAXon/QZeTvtsfXmTMRyO9TslfoYOXkSsvao2nE1ilTw==",
      "dependencies": [
        "fsevents",
        "playwright-core"
      ]
    },
    "process@0.11.10": {
      "integrity": "sha512-cdGef/drWFoydD1JsMzuFf8100nZl+GT+yacc2bEced5f9Rjk4z+WtFUTBu9PhOi9j/jfmBPu0mMEY4wIdAF8A=="
    },
    "proxy-from-env@1.1.0": {
      "integrity": "sha512-D+zkORCbA9f1tdWRK0RaCR3GPv50cMxcrz4X8k5LTSUD1Dkw47mKJEZQNunItRTkWwgtaUSo1RVFRIG9ZXiFYg=="
    },
    "psl@1.15.0": {
      "integrity": "sha512-JZd3gMVBAVQkSs6HdNZo9Sdo0LNcQeMNP3CozBJb3JYC/QUYZTnKxP+f8oWRX4rHP5EurWxqAHTSwUCjlNKa1w==",
      "dependencies": [
        "punycode"
      ]
    },
    "punycode@2.3.1": {
      "integrity": "sha512-vYt7UD1U9Wg6138shLtLOvdAu+8DsC/ilFtEVHcH+wydcSpNE20AfSOduf6MkRFahL5FY7X1oU7nKVZFtfq8Fg=="
    },
    "querystringify@2.2.0": {
      "integrity": "sha512-FIqgj2EUvTa7R50u0rGsyTftzjYmv/a3hO345bZNrqabNqjtgiDMgmo4mkUjd+nzU5oF3dClKqFIPUKybUyqoQ=="
    },
    "readable-stream@4.7.0": {
      "integrity": "sha512-oIGGmcpTLwPga8Bn6/Z75SVaH1z5dUut2ibSyAMVhmUggWpmDn2dapB0n7f8nwaSiRtepAsfJyfXIO5DCVAODg==",
      "dependencies": [
        "abort-controller",
        "buffer",
        "events",
        "process",
        "string_decoder"
      ]
    },
    "readable-web-to-node-stream@3.0.4": {
      "integrity": "sha512-9nX56alTf5bwXQ3ZDipHJhusu9NTQJ/CVPtb/XHAJCXihZeitfJvIRS4GqQ/mfIoOE3IelHMrpayVrosdHBuLw==",
      "dependencies": [
        "readable-stream"
      ]
    },
    "requires-port@1.0.0": {
      "integrity": "sha512-KigOCHcocU3XODJxsu8i/j8T9tzT4adHiecwORRQ0ZZFcp7ahwXuRU1m+yuO90C5ZUyGeGfocHDI14M3L3yDAQ=="
    },
    "retry-axios@2.6.0_axios@1.8.4": {
      "integrity": "sha512-pOLi+Gdll3JekwuFjXO3fTq+L9lzMQGcSq7M5gIjExcl3Gu1hd4XXuf5o3+LuSBsaULQH7DiNbsqPd1chVpQGQ==",
      "dependencies": [
        "axios"
      ]
    },
    "retry@0.13.1": {
      "integrity": "sha512-XQBQ3I8W1Cge0Seh+6gjj03LbmRFWuoszgK9ooCpwYIrhhoO80pfq4cUkU5DkknwfOfFteRwlZ56PYOGYyFWdg=="
    },
    "safe-buffer@5.2.1": {
      "integrity": "sha512-rp3So07KcdmmKbGvgaNxQSJr7bGVSVk5S9Eq1F+ppbRo70+YeaDxkw5Dd8NPN+GD6bjnYm2VuPuCXmpuYvmCXQ=="
    },
    "safer-buffer@2.1.2": {
      "integrity": "sha512-YZo3K82SD7Riyi0E1EQPojLz7kpepnSQI9IyPbHHg1XXXevb5dJI7tpyN2ADxGcQbHG7vcyRHk0cbwqcQriUtg=="
    },
    "semver@7.7.1": {
      "integrity": "sha512-hlq8tAfn0m/61p4BVRcPzIGr6LKiMwo4VM6dGi6pt4qcRkmNzTcWq6eCEjEh+qXjkMDvPlOFFSGwQjoEa6gyMA=="
    },
    "simple-wcswidth@1.0.1": {
      "integrity": "sha512-xMO/8eNREtaROt7tJvWJqHBDTMFN4eiQ5I4JRMuilwfnFcV5W9u7RUkueNkdw0jPqGMX36iCywelS5yilTuOxg=="
    },
    "string_decoder@1.3.0": {
      "integrity": "sha512-hkRX8U1WjJFd8LsDJ2yQ/wWWxaopEsABU1XfkM8A+j0+85JAGppt16cr1Whg6KIbb4okU6Mql6BOj+uup/wKeA==",
      "dependencies": [
        "safe-buffer"
      ]
    },
    "strtok3@6.3.0": {
      "integrity": "sha512-fZtbhtvI9I48xDSywd/somNqgUHl2L2cstmXCCif0itOf96jeW18MBSyrLuNicYQVkvpOxkZtkzujiTJ9LW5Jw==",
      "dependencies": [
        "@tokenizer/token",
        "peek-readable"
      ]
    },
    "supports-color@7.2.0": {
      "integrity": "sha512-qpCAvRl9stuOHveKsn7HncJRvv501qIacKzQlO/+Lwxc9+0q2wLyv4Dfvt80/DPn2pqOBsJdDiogXGR9+OvwRw==",
      "dependencies": [
        "has-flag"
      ]
    },
    "token-types@4.2.1": {
      "integrity": "sha512-6udB24Q737UD/SDsKAHI9FCRP7Bqc9D/MQUV02ORQg5iskjtLJlZJNdN4kKtcdtwCeWIwIHDGaUsTsCCAa8sFQ==",
      "dependencies": [
        "@tokenizer/token",
        "ieee754"
      ]
    },
    "tough-cookie@4.1.4": {
      "integrity": "sha512-Loo5UUvLD9ScZ6jh8beX1T6sO1w2/MpCRpEP7V280GKMVUQ0Jzar2U3UJPsrdbziLEMMhu3Ujnq//rhiFuIeag==",
      "dependencies": [
        "psl",
        "punycode",
        "universalify",
        "url-parse"
      ]
    },
    "tr46@0.0.3": {
      "integrity": "sha512-N3WMsuqV66lT30CrXNbEjx4GEwlow3v6rr4mCcv6prnfwhS01rkgyFdjPNBYd9br7LpXV1+Emh01fHnq2Gdgrw=="
    },
    "undici-types@5.26.5": {
      "integrity": "sha512-JlCMO+ehdEIKqlFxk6IfVoAUVmgz7cU7zD/h9XZ0qzeosSHmUJVOzSQvvYSYWXkFXC+IfLKSIffhv0sVZup6pA=="
    },
    "undici-types@6.20.0": {
      "integrity": "sha512-Ny6QZ2Nju20vw1SRHe3d9jVu6gJ+4e3+MMpqu7pqE5HT6WsTSlce++GQmK5UXS8mzV8DSYHrQH+Xrf2jVcuKNg=="
    },
    "undici@6.21.2": {
      "integrity": "sha512-uROZWze0R0itiAKVPsYhFov9LxrPMHLMEQFszeI2gCN6bnIIZ8twzBCJcN2LJrBBLfrP0t1FW0g+JmKVl8Vk1g=="
    },
    "universalify@0.2.0": {
      "integrity": "sha512-CJ1QgKmNg3CwvAv/kOFmtnEN05f0D/cn9QntgNOQlQF9dgvVTHj3t+8JPdjqawCHk7V/KA+fbUqzZ9XWhcqPUg=="
    },
    "url-parse@1.5.10": {
      "integrity": "sha512-WypcfiRhfeUP9vvF0j6rw0J3hrWrw6iZv3+22h6iRMJ/8z1Tj6XfLP4DsUix5MhMPnXpiHDoKyoZ/bdCkwBCiQ==",
      "dependencies": [
        "querystringify",
        "requires-port"
      ]
    },
    "uuid@10.0.0": {
      "integrity": "sha512-8XkAphELsDnEGrDxUOHB3RGvXz6TeuYSGEZBOjtTtPm2lwhGBjLgOzLHB63IUWfBpNucQjND6d3AOudO+H3RWQ=="
    },
    "uuid@9.0.1": {
      "integrity": "sha512-b+1eJOlsR9K8HJpow9Ok3fiWOWSIcIzXodvv0rQjVoOVNpWMpxf1wZNpt4y9h10odCNrqnYp1OBzRktckBe3sA=="
    },
    "web-streams-polyfill@4.0.0-beta.3": {
      "integrity": "sha512-QW95TCTaHmsYfHDybGMwO5IJIM93I/6vTRk+daHTWFPhwh+C8Cg7j7XyKrwrj8Ib6vYXe0ocYNrmzY4xAAN6ug=="
    },
    "webidl-conversions@3.0.1": {
      "integrity": "sha512-2JAn3z8AR6rjK8Sm8orRC0h/bcl/DqL7tRPdGZ4I1CjdF+EaMLmYxBHyXuKL849eucPFhvBoxMsflfOb8kxaeQ=="
    },
    "whatwg-encoding@3.1.1": {
      "integrity": "sha512-6qN4hJdMwfYBtE3YBTTHhoeuUrDBPZmbQaxWAqSALV/MeEnR5z1xd8UKud2RAkFoPkmB+hli1TZSnyi84xz1vQ==",
      "dependencies": [
        "iconv-lite"
      ]
    },
    "whatwg-fetch@3.6.20": {
      "integrity": "sha512-EqhiFU6daOA8kpjOWTL0olhVOF3i7OrFzSYiGsEMB8GcXS+RrzauAERX65xMeNWVqxA6HXH2m69Z9LaKKdisfg=="
    },
    "whatwg-mimetype@4.0.0": {
      "integrity": "sha512-QaKxh0eNIi2mE9p2vEdzfagOKHCcj1pJ56EEHGQOVxp8r9/iszLUUV7v89x9O1p/T+NlTM5W7jW6+cz4Fq1YVg=="
    },
    "whatwg-url@5.0.0": {
      "integrity": "sha512-saE57nupxk6v3HY35+jzBwYa0rKSy0XR8JSxZPwgLr7ys0IBzhGviA1/TUGJLmSVqs8pb9AnvICXEuOHLprYTw==",
      "dependencies": [
        "tr46",
        "webidl-conversions"
      ]
    },
    "ws@8.18.1": {
      "integrity": "sha512-RKW2aJZMXeMxVpnZ6bck+RswznaxmzdULiBr6KY7XkTnW8uvt0iT9H5DkHUChXrc+uurzwa0rVI16n/Xzjdz1w=="
    },
    "yaml@2.7.1": {
      "integrity": "sha512-10ULxpnOCQXxJvBgxsn9ptjq6uviG/htZKk9veJGhlqn3w/DxQ631zFF+nlQXLwmImeS5amR2dl2U8sg6U9jsQ=="
    },
    "zod-to-json-schema@3.24.5_zod@3.24.3": {
      "integrity": "sha512-/AuWwMP+YqiPbsJx5D6TfgRTc4kTLjsh5SOcd4bLsfUg2RcEXrFMJl1DGgdHy2aCfsIA/cr/1JM0xcB2GZji8g==",
      "dependencies": [
        "zod"
      ]
    },
    "zod@3.24.3": {
      "integrity": "sha512-HhY1oqzWCQWuUqvBFnsyrtZRhyPeR7SUGv+C4+MsisMuVfSPx8HpwWqH8tRahSlt6M3PiFAcoeFhZAqIXTxoSg=="
    }
  },
  "remote": {
    "https://deno.land/std@0.216.0/assert/assert_exists.ts": "24a7bf965e634f909242cd09fbaf38bde6b791128ece08e33ab08586a7cc55c9",
    "https://deno.land/std@0.216.0/assert/assertion_error.ts": "9f689a101ee586c4ce92f52fa7ddd362e86434ffdf1f848e45987dc7689976b8",
    "https://deno.land/std@0.216.0/flags/mod.ts": "9f13f3a49c54618277ac49195af934f1c7d235731bcf80fd33b8b234e6839ce9",
    "https://deno.land/std@0.221.0/assert/assert.ts": "bec068b2fccdd434c138a555b19a2c2393b71dfaada02b7d568a01541e67cdc5",
    "https://deno.land/std@0.221.0/assert/assertion_error.ts": "9f689a101ee586c4ce92f52fa7ddd362e86434ffdf1f848e45987dc7689976b8",
    "https://deno.land/std@0.221.0/cli/parse_args.ts": "5250832fb7c544d9111e8a41ad272c016f5a53f975ef84d5a9fe5fcb70566ece",
    "https://deno.land/x/zod@v3.22.4/ZodError.ts": "4de18ff525e75a0315f2c12066b77b5c2ae18c7c15ef7df7e165d63536fdf2ea",
    "https://deno.land/x/zod@v3.22.4/errors.ts": "5285922d2be9700cc0c70c95e4858952b07ae193aa0224be3cbd5cd5567eabef",
    "https://deno.land/x/zod@v3.22.4/external.ts": "a6cfbd61e9e097d5f42f8a7ed6f92f93f51ff927d29c9fbaec04f03cbce130fe",
    "https://deno.land/x/zod@v3.22.4/helpers/enumUtil.ts": "54efc393cc9860e687d8b81ff52e980def00fa67377ad0bf8b3104f8a5bf698c",
    "https://deno.land/x/zod@v3.22.4/helpers/errorUtil.ts": "7a77328240be7b847af6de9189963bd9f79cab32bbc61502a9db4fe6683e2ea7",
    "https://deno.land/x/zod@v3.22.4/helpers/parseUtil.ts": "f791e6e65a0340d85ad37d26cd7a3ba67126cd9957eac2b7163162155283abb1",
    "https://deno.land/x/zod@v3.22.4/helpers/partialUtil.ts": "998c2fe79795257d4d1cf10361e74492f3b7d852f61057c7c08ac0a46488b7e7",
    "https://deno.land/x/zod@v3.22.4/helpers/typeAliases.ts": "0fda31a063c6736fc3cf9090dd94865c811dfff4f3cb8707b932bf937c6f2c3e",
    "https://deno.land/x/zod@v3.22.4/helpers/util.ts": "8baf19b19b2fca8424380367b90364b32503b6b71780269a6e3e67700bb02774",
    "https://deno.land/x/zod@v3.22.4/index.ts": "d27aabd973613985574bc31f39e45cb5d856aa122ef094a9f38a463b8ef1a268",
    "https://deno.land/x/zod@v3.22.4/locales/en.ts": "a7a25cd23563ccb5e0eed214d9b31846305ddbcdb9c5c8f508b108943366ab4c",
    "https://deno.land/x/zod@v3.22.4/mod.ts": "64e55237cb4410e17d968cd08975566059f27638ebb0b86048031b987ba251c4",
    "https://deno.land/x/zod@v3.22.4/types.ts": "724185522fafe43ee56a52333958764c8c8cd6ad4effa27b42651df873fc151e"
  },
  "workspace": {
    "dependencies": [
      "npm:@langchain/core@~0.3.48",
      "npm:@langchain/langgraph@~0.2.66",
      "npm:@langchain/ollama@0.2",
      "npm:cheerio@1"
    ]
  }
}
